// !$*UTF8*$!
{
	archiveVersion = 1;
	classes = {
	};
	objectVersion = 50;
	objects = {

/* Begin PBXBuildFile section */
		161E8CA318B07EB30F6232E7 /* Pods_Landmark_Remark.framework in Frameworks */ = {isa = PBXBuildFile; fileRef = 652A7A12DE51D5A8871C8DDB /* Pods_Landmark_Remark.framework */; };
		1CA25AA2268CAFF6006D1808 /* AppDelegate.swift in Sources */ = {isa = PBXBuildFile; fileRef = 1CA25AA1268CAFF6006D1808 /* AppDelegate.swift */; };
		1CA25AA4268CAFF6006D1808 /* SceneDelegate.swift in Sources */ = {isa = PBXBuildFile; fileRef = 1CA25AA3268CAFF6006D1808 /* SceneDelegate.swift */; };
		1CA25AA6268CAFF6006D1808 /* ViewController.swift in Sources */ = {isa = PBXBuildFile; fileRef = 1CA25AA5268CAFF6006D1808 /* ViewController.swift */; };
		1CA25AA9268CAFF6006D1808 /* Main.storyboard in Resources */ = {isa = PBXBuildFile; fileRef = 1CA25AA7268CAFF6006D1808 /* Main.storyboard */; };
		1CA25AAB268CAFF7006D1808 /* Assets.xcassets in Resources */ = {isa = PBXBuildFile; fileRef = 1CA25AAA268CAFF7006D1808 /* Assets.xcassets */; };
		1CA25AAE268CAFF7006D1808 /* LaunchScreen.storyboard in Resources */ = {isa = PBXBuildFile; fileRef = 1CA25AAC268CAFF7006D1808 /* LaunchScreen.storyboard */; };
		1CA25AB9268CAFF8006D1808 /* Landmark_RemarkTests.swift in Sources */ = {isa = PBXBuildFile; fileRef = 1CA25AB8268CAFF8006D1808 /* Landmark_RemarkTests.swift */; };
		1CA25AC4268CAFF8006D1808 /* Landmark_RemarkUITests.swift in Sources */ = {isa = PBXBuildFile; fileRef = 1CA25AC3268CAFF8006D1808 /* Landmark_RemarkUITests.swift */; };
		1CD8462C268E634700B2DAF3 /* GoogleService-Info.plist in Resources */ = {isa = PBXBuildFile; fileRef = 1CD8462B268E634700B2DAF3 /* GoogleService-Info.plist */; };
		1CD8462D268E634700B2DAF3 /* GoogleService-Info.plist in Resources */ = {isa = PBXBuildFile; fileRef = 1CD8462B268E634700B2DAF3 /* GoogleService-Info.plist */; };
		1CD8462E268E634700B2DAF3 /* GoogleService-Info.plist in Resources */ = {isa = PBXBuildFile; fileRef = 1CD8462B268E634700B2DAF3 /* GoogleService-Info.plist */; };
		7B1C34376131D90013547A77 /* Pods_Landmark_RemarkTests.framework in Frameworks */ = {isa = PBXBuildFile; fileRef = E81D1FCAD1CEBC5162720A88 /* Pods_Landmark_RemarkTests.framework */; };
		8E0F24C59A16BB9EA3C45B81 /* Pods_Landmark_Remark_Landmark_RemarkUITests.framework in Frameworks */ = {isa = PBXBuildFile; fileRef = 69CD6AEF9C2372FF40FB9083 /* Pods_Landmark_Remark_Landmark_RemarkUITests.framework */; };
/* End PBXBuildFile section */

/* Begin PBXContainerItemProxy section */
		1CA25AB5268CAFF8006D1808 /* PBXContainerItemProxy */ = {
			isa = PBXContainerItemProxy;
			containerPortal = 1CA25A96268CAFF6006D1808 /* Project object */;
			proxyType = 1;
			remoteGlobalIDString = 1CA25A9D268CAFF6006D1808;
			remoteInfo = "Landmark Remark";
		};
		1CA25AC0268CAFF8006D1808 /* PBXContainerItemProxy */ = {
			isa = PBXContainerItemProxy;
			containerPortal = 1CA25A96268CAFF6006D1808 /* Project object */;
			proxyType = 1;
			remoteGlobalIDString = 1CA25A9D268CAFF6006D1808;
			remoteInfo = "Landmark Remark";
		};
/* End PBXContainerItemProxy section */

/* Begin PBXFileReference section */
		007D0FD75419EED41B6DD91F /* Pods-Landmark RemarkTests.debug.xcconfig */ = {isa = PBXFileReference; includeInIndex = 1; lastKnownFileType = text.xcconfig; name = "Pods-Landmark RemarkTests.debug.xcconfig"; path = "Target Support Files/Pods-Landmark RemarkTests/Pods-Landmark RemarkTests.debug.xcconfig"; sourceTree = "<group>"; };
		1CA25A9E268CAFF6006D1808 /* Landmark Remark.app */ = {isa = PBXFileReference; explicitFileType = wrapper.application; includeInIndex = 0; path = "Landmark Remark.app"; sourceTree = BUILT_PRODUCTS_DIR; };
		1CA25AA1268CAFF6006D1808 /* AppDelegate.swift */ = {isa = PBXFileReference; lastKnownFileType = sourcecode.swift; path = AppDelegate.swift; sourceTree = "<group>"; };
		1CA25AA3268CAFF6006D1808 /* SceneDelegate.swift */ = {isa = PBXFileReference; lastKnownFileType = sourcecode.swift; path = SceneDelegate.swift; sourceTree = "<group>"; };
		1CA25AA5268CAFF6006D1808 /* ViewController.swift */ = {isa = PBXFileReference; lastKnownFileType = sourcecode.swift; path = ViewController.swift; sourceTree = "<group>"; };
		1CA25AA8268CAFF6006D1808 /* Base */ = {isa = PBXFileReference; lastKnownFileType = file.storyboard; name = Base; path = Base.lproj/Main.storyboard; sourceTree = "<group>"; };
		1CA25AAA268CAFF7006D1808 /* Assets.xcassets */ = {isa = PBXFileReference; lastKnownFileType = folder.assetcatalog; path = Assets.xcassets; sourceTree = "<group>"; };
		1CA25AAD268CAFF7006D1808 /* Base */ = {isa = PBXFileReference; lastKnownFileType = file.storyboard; name = Base; path = Base.lproj/LaunchScreen.storyboard; sourceTree = "<group>"; };
		1CA25AAF268CAFF7006D1808 /* Info.plist */ = {isa = PBXFileReference; lastKnownFileType = text.plist.xml; path = Info.plist; sourceTree = "<group>"; };
		1CA25AB4268CAFF8006D1808 /* Landmark RemarkTests.xctest */ = {isa = PBXFileReference; explicitFileType = wrapper.cfbundle; includeInIndex = 0; path = "Landmark RemarkTests.xctest"; sourceTree = BUILT_PRODUCTS_DIR; };
		1CA25AB8268CAFF8006D1808 /* Landmark_RemarkTests.swift */ = {isa = PBXFileReference; lastKnownFileType = sourcecode.swift; path = Landmark_RemarkTests.swift; sourceTree = "<group>"; };
		1CA25ABA268CAFF8006D1808 /* Info.plist */ = {isa = PBXFileReference; lastKnownFileType = text.plist.xml; path = Info.plist; sourceTree = "<group>"; };
		1CA25ABF268CAFF8006D1808 /* Landmark RemarkUITests.xctest */ = {isa = PBXFileReference; explicitFileType = wrapper.cfbundle; includeInIndex = 0; path = "Landmark RemarkUITests.xctest"; sourceTree = BUILT_PRODUCTS_DIR; };
		1CA25AC3268CAFF8006D1808 /* Landmark_RemarkUITests.swift */ = {isa = PBXFileReference; lastKnownFileType = sourcecode.swift; path = Landmark_RemarkUITests.swift; sourceTree = "<group>"; };
		1CA25AC5268CAFF8006D1808 /* Info.plist */ = {isa = PBXFileReference; lastKnownFileType = text.plist.xml; path = Info.plist; sourceTree = "<group>"; };
		1CD8462B268E634700B2DAF3 /* GoogleService-Info.plist */ = {isa = PBXFileReference; fileEncoding = 4; lastKnownFileType = text.plist.xml; path = "GoogleService-Info.plist"; sourceTree = "<group>"; };
		349997EEC868149BA956186C /* Pods-Landmark Remark.debug.xcconfig */ = {isa = PBXFileReference; includeInIndex = 1; lastKnownFileType = text.xcconfig; name = "Pods-Landmark Remark.debug.xcconfig"; path = "Target Support Files/Pods-Landmark Remark/Pods-Landmark Remark.debug.xcconfig"; sourceTree = "<group>"; };
		447F34C647A39D997A6282DE /* Pods-Landmark RemarkTests.release.xcconfig */ = {isa = PBXFileReference; includeInIndex = 1; lastKnownFileType = text.xcconfig; name = "Pods-Landmark RemarkTests.release.xcconfig"; path = "Target Support Files/Pods-Landmark RemarkTests/Pods-Landmark RemarkTests.release.xcconfig"; sourceTree = "<group>"; };
		652A7A12DE51D5A8871C8DDB /* Pods_Landmark_Remark.framework */ = {isa = PBXFileReference; explicitFileType = wrapper.framework; includeInIndex = 0; path = Pods_Landmark_Remark.framework; sourceTree = BUILT_PRODUCTS_DIR; };
		68FC106675B4FA3EEF41E209 /* Pods-Landmark Remark.release.xcconfig */ = {isa = PBXFileReference; includeInIndex = 1; lastKnownFileType = text.xcconfig; name = "Pods-Landmark Remark.release.xcconfig"; path = "Target Support Files/Pods-Landmark Remark/Pods-Landmark Remark.release.xcconfig"; sourceTree = "<group>"; };
		69CD6AEF9C2372FF40FB9083 /* Pods_Landmark_Remark_Landmark_RemarkUITests.framework */ = {isa = PBXFileReference; explicitFileType = wrapper.framework; includeInIndex = 0; path = Pods_Landmark_Remark_Landmark_RemarkUITests.framework; sourceTree = BUILT_PRODUCTS_DIR; };
		7863EB2668C8D4A9A554312E /* Pods-Landmark Remark-Landmark RemarkUITests.debug.xcconfig */ = {isa = PBXFileReference; includeInIndex = 1; lastKnownFileType = text.xcconfig; name = "Pods-Landmark Remark-Landmark RemarkUITests.debug.xcconfig"; path = "Target Support Files/Pods-Landmark Remark-Landmark RemarkUITests/Pods-Landmark Remark-Landmark RemarkUITests.debug.xcconfig"; sourceTree = "<group>"; };
		D9DA466B73C240154A085EAC /* Pods-Landmark Remark-Landmark RemarkUITests.release.xcconfig */ = {isa = PBXFileReference; includeInIndex = 1; lastKnownFileType = text.xcconfig; name = "Pods-Landmark Remark-Landmark RemarkUITests.release.xcconfig"; path = "Target Support Files/Pods-Landmark Remark-Landmark RemarkUITests/Pods-Landmark Remark-Landmark RemarkUITests.release.xcconfig"; sourceTree = "<group>"; };
		E81D1FCAD1CEBC5162720A88 /* Pods_Landmark_RemarkTests.framework */ = {isa = PBXFileReference; explicitFileType = wrapper.framework; includeInIndex = 0; path = Pods_Landmark_RemarkTests.framework; sourceTree = BUILT_PRODUCTS_DIR; };
/* End PBXFileReference section */

/* Begin PBXFrameworksBuildPhase section */
		1CA25A9B268CAFF6006D1808 /* Frameworks */ = {
			isa = PBXFrameworksBuildPhase;
			buildActionMask = 2147483647;
			files = (
				161E8CA318B07EB30F6232E7 /* Pods_Landmark_Remark.framework in Frameworks */,
			);
			runOnlyForDeploymentPostprocessing = 0;
		};
		1CA25AB1268CAFF8006D1808 /* Frameworks */ = {
			isa = PBXFrameworksBuildPhase;
			buildActionMask = 2147483647;
			files = (
				7B1C34376131D90013547A77 /* Pods_Landmark_RemarkTests.framework in Frameworks */,
			);
			runOnlyForDeploymentPostprocessing = 0;
		};
		1CA25ABC268CAFF8006D1808 /* Frameworks */ = {
			isa = PBXFrameworksBuildPhase;
			buildActionMask = 2147483647;
			files = (
				8E0F24C59A16BB9EA3C45B81 /* Pods_Landmark_Remark_Landmark_RemarkUITests.framework in Frameworks */,
			);
			runOnlyForDeploymentPostprocessing = 0;
		};
/* End PBXFrameworksBuildPhase section */

/* Begin PBXGroup section */
		1CA25A95268CAFF6006D1808 = {
			isa = PBXGroup;
			children = (
				1CA25AA0268CAFF6006D1808 /* Landmark Remark */,
				1CA25AB7268CAFF8006D1808 /* Landmark RemarkTests */,
				1CA25AC2268CAFF8006D1808 /* Landmark RemarkUITests */,
				1CA25A9F268CAFF6006D1808 /* Products */,
				9D4157D380B37283F2029D51 /* Pods */,
				A045C561A5ECD088F8A6CFE3 /* Frameworks */,
			);
			sourceTree = "<group>";
		};
		1CA25A9F268CAFF6006D1808 /* Products */ = {
			isa = PBXGroup;
			children = (
				1CA25A9E268CAFF6006D1808 /* Landmark Remark.app */,
				1CA25AB4268CAFF8006D1808 /* Landmark RemarkTests.xctest */,
				1CA25ABF268CAFF8006D1808 /* Landmark RemarkUITests.xctest */,
			);
			name = Products;
			sourceTree = "<group>";
		};
		1CA25AA0268CAFF6006D1808 /* Landmark Remark */ = {
			isa = PBXGroup;
			children = (
				1CA25AA1268CAFF6006D1808 /* AppDelegate.swift */,
				1CA25AA3268CAFF6006D1808 /* SceneDelegate.swift */,
				1CA25AA5268CAFF6006D1808 /* ViewController.swift */,
				1CA25AA7268CAFF6006D1808 /* Main.storyboard */,
				1CA25AAA268CAFF7006D1808 /* Assets.xcassets */,
				1CA25AAC268CAFF7006D1808 /* LaunchScreen.storyboard */,
				1CA25AAF268CAFF7006D1808 /* Info.plist */,
				1CD8462B268E634700B2DAF3 /* GoogleService-Info.plist */,
			);
			path = "Landmark Remark";
			sourceTree = "<group>";
		};
		1CA25AB7268CAFF8006D1808 /* Landmark RemarkTests */ = {
			isa = PBXGroup;
			children = (
				1CA25AB8268CAFF8006D1808 /* Landmark_RemarkTests.swift */,
				1CA25ABA268CAFF8006D1808 /* Info.plist */,
			);
			path = "Landmark RemarkTests";
			sourceTree = "<group>";
		};
		1CA25AC2268CAFF8006D1808 /* Landmark RemarkUITests */ = {
			isa = PBXGroup;
			children = (
				1CA25AC3268CAFF8006D1808 /* Landmark_RemarkUITests.swift */,
				1CA25AC5268CAFF8006D1808 /* Info.plist */,
			);
			path = "Landmark RemarkUITests";
			sourceTree = "<group>";
		};
		9D4157D380B37283F2029D51 /* Pods */ = {
			isa = PBXGroup;
			children = (
				349997EEC868149BA956186C /* Pods-Landmark Remark.debug.xcconfig */,
				68FC106675B4FA3EEF41E209 /* Pods-Landmark Remark.release.xcconfig */,
				7863EB2668C8D4A9A554312E /* Pods-Landmark Remark-Landmark RemarkUITests.debug.xcconfig */,
				D9DA466B73C240154A085EAC /* Pods-Landmark Remark-Landmark RemarkUITests.release.xcconfig */,
				007D0FD75419EED41B6DD91F /* Pods-Landmark RemarkTests.debug.xcconfig */,
				447F34C647A39D997A6282DE /* Pods-Landmark RemarkTests.release.xcconfig */,
			);
			path = Pods;
			sourceTree = "<group>";
		};
		A045C561A5ECD088F8A6CFE3 /* Frameworks */ = {
			isa = PBXGroup;
			children = (
				652A7A12DE51D5A8871C8DDB /* Pods_Landmark_Remark.framework */,
				69CD6AEF9C2372FF40FB9083 /* Pods_Landmark_Remark_Landmark_RemarkUITests.framework */,
				E81D1FCAD1CEBC5162720A88 /* Pods_Landmark_RemarkTests.framework */,
			);
			name = Frameworks;
			sourceTree = "<group>";
		};
/* End PBXGroup section */

/* Begin PBXNativeTarget section */
		1CA25A9D268CAFF6006D1808 /* Landmark Remark */ = {
			isa = PBXNativeTarget;
			buildConfigurationList = 1CA25AC8268CAFF8006D1808 /* Build configuration list for PBXNativeTarget "Landmark Remark" */;
			buildPhases = (
				6DCCFE85C3D185C30B7ABAD9 /* [CP] Check Pods Manifest.lock */,
				1CA25A9A268CAFF6006D1808 /* Sources */,
				1CA25A9B268CAFF6006D1808 /* Frameworks */,
				1CA25A9C268CAFF6006D1808 /* Resources */,
				132D11A26D4BA76FE32292B4 /* [CP] Embed Pods Frameworks */,
			);
			buildRules = (
			);
			dependencies = (
			);
			name = "Landmark Remark";
			productName = "Landmark Remark";
			productReference = 1CA25A9E268CAFF6006D1808 /* Landmark Remark.app */;
			productType = "com.apple.product-type.application";
		};
		1CA25AB3268CAFF8006D1808 /* Landmark RemarkTests */ = {
			isa = PBXNativeTarget;
			buildConfigurationList = 1CA25ACB268CAFF8006D1808 /* Build configuration list for PBXNativeTarget "Landmark RemarkTests" */;
			buildPhases = (
				7F6DBCB1CCD76BBB4D137F66 /* [CP] Check Pods Manifest.lock */,
				1CA25AB0268CAFF8006D1808 /* Sources */,
				1CA25AB1268CAFF8006D1808 /* Frameworks */,
				1CA25AB2268CAFF8006D1808 /* Resources */,
			);
			buildRules = (
			);
			dependencies = (
				1CA25AB6268CAFF8006D1808 /* PBXTargetDependency */,
			);
			name = "Landmark RemarkTests";
			productName = "Landmark RemarkTests";
			productReference = 1CA25AB4268CAFF8006D1808 /* Landmark RemarkTests.xctest */;
			productType = "com.apple.product-type.bundle.unit-test";
		};
		1CA25ABE268CAFF8006D1808 /* Landmark RemarkUITests */ = {
			isa = PBXNativeTarget;
			buildConfigurationList = 1CA25ACE268CAFF8006D1808 /* Build configuration list for PBXNativeTarget "Landmark RemarkUITests" */;
			buildPhases = (
				B4BC6E63168385575DA97E5B /* [CP] Check Pods Manifest.lock */,
				1CA25ABB268CAFF8006D1808 /* Sources */,
				1CA25ABC268CAFF8006D1808 /* Frameworks */,
				1CA25ABD268CAFF8006D1808 /* Resources */,
				A155A574F897FBCA6D7DDAD4 /* [CP] Embed Pods Frameworks */,
			);
			buildRules = (
			);
			dependencies = (
				1CA25AC1268CAFF8006D1808 /* PBXTargetDependency */,
			);
			name = "Landmark RemarkUITests";
			productName = "Landmark RemarkUITests";
			productReference = 1CA25ABF268CAFF8006D1808 /* Landmark RemarkUITests.xctest */;
			productType = "com.apple.product-type.bundle.ui-testing";
		};
/* End PBXNativeTarget section */

/* Begin PBXProject section */
		1CA25A96268CAFF6006D1808 /* Project object */ = {
			isa = PBXProject;
			attributes = {
				LastSwiftUpdateCheck = 1170;
				LastUpgradeCheck = 1170;
				ORGANIZATIONNAME = "Sachin Jagat";
				TargetAttributes = {
					1CA25A9D268CAFF6006D1808 = {
						CreatedOnToolsVersion = 11.7;
					};
					1CA25AB3268CAFF8006D1808 = {
						CreatedOnToolsVersion = 11.7;
						TestTargetID = 1CA25A9D268CAFF6006D1808;
					};
					1CA25ABE268CAFF8006D1808 = {
						CreatedOnToolsVersion = 11.7;
						TestTargetID = 1CA25A9D268CAFF6006D1808;
					};
				};
			};
			buildConfigurationList = 1CA25A99268CAFF6006D1808 /* Build configuration list for PBXProject "Landmark Remark" */;
			compatibilityVersion = "Xcode 9.3";
			developmentRegion = en;
			hasScannedForEncodings = 0;
			knownRegions = (
				en,
				Base,
			);
			mainGroup = 1CA25A95268CAFF6006D1808;
			productRefGroup = 1CA25A9F268CAFF6006D1808 /* Products */;
			projectDirPath = "";
			projectRoot = "";
			targets = (
				1CA25A9D268CAFF6006D1808 /* Landmark Remark */,
				1CA25AB3268CAFF8006D1808 /* Landmark RemarkTests */,
				1CA25ABE268CAFF8006D1808 /* Landmark RemarkUITests */,
			);
		};
/* End PBXProject section */

/* Begin PBXResourcesBuildPhase section */
		1CA25A9C268CAFF6006D1808 /* Resources */ = {
			isa = PBXResourcesBuildPhase;
			buildActionMask = 2147483647;
			files = (
				1CA25AAE268CAFF7006D1808 /* LaunchScreen.storyboard in Resources */,
				1CD8462C268E634700B2DAF3 /* GoogleService-Info.plist in Resources */,
				1CA25AAB268CAFF7006D1808 /* Assets.xcassets in Resources */,
				1CA25AA9268CAFF6006D1808 /* Main.storyboard in Resources */,
			);
			runOnlyForDeploymentPostprocessing = 0;
		};
		1CA25AB2268CAFF8006D1808 /* Resources */ = {
			isa = PBXResourcesBuildPhase;
			buildActionMask = 2147483647;
			files = (
				1CD8462D268E634700B2DAF3 /* GoogleService-Info.plist in Resources */,
			);
			runOnlyForDeploymentPostprocessing = 0;
		};
		1CA25ABD268CAFF8006D1808 /* Resources */ = {
			isa = PBXResourcesBuildPhase;
			buildActionMask = 2147483647;
			files = (
				1CD8462E268E634700B2DAF3 /* GoogleService-Info.plist in Resources */,
			);
			runOnlyForDeploymentPostprocessing = 0;
		};
/* End PBXResourcesBuildPhase section */

/* Begin PBXShellScriptBuildPhase section */
		132D11A26D4BA76FE32292B4 /* [CP] Embed Pods Frameworks */ = {
			isa = PBXShellScriptBuildPhase;
			buildActionMask = 2147483647;
			files = (
			);
			inputFileListPaths = (
				"${PODS_ROOT}/Target Support Files/Pods-Landmark Remark/Pods-Landmark Remark-frameworks-${CONFIGURATION}-input-files.xcfilelist",
			);
			name = "[CP] Embed Pods Frameworks";
			outputFileListPaths = (
				"${PODS_ROOT}/Target Support Files/Pods-Landmark Remark/Pods-Landmark Remark-frameworks-${CONFIGURATION}-output-files.xcfilelist",
			);
			runOnlyForDeploymentPostprocessing = 0;
			shellPath = /bin/sh;
			shellScript = "\"${PODS_ROOT}/Target Support Files/Pods-Landmark Remark/Pods-Landmark Remark-frameworks.sh\"\n";
			showEnvVarsInLog = 0;
		};
		6DCCFE85C3D185C30B7ABAD9 /* [CP] Check Pods Manifest.lock */ = {
			isa = PBXShellScriptBuildPhase;
			buildActionMask = 2147483647;
			files = (
			);
			inputFileListPaths = (
			);
			inputPaths = (
				"${PODS_PODFILE_DIR_PATH}/Podfile.lock",
				"${PODS_ROOT}/Manifest.lock",
			);
			name = "[CP] Check Pods Manifest.lock";
			outputFileListPaths = (
			);
			outputPaths = (
				"$(DERIVED_FILE_DIR)/Pods-Landmark Remark-checkManifestLockResult.txt",
			);
			runOnlyForDeploymentPostprocessing = 0;
			shellPath = /bin/sh;
			shellScript = "diff \"${PODS_PODFILE_DIR_PATH}/Podfile.lock\" \"${PODS_ROOT}/Manifest.lock\" > /dev/null\nif [ $? != 0 ] ; then\n    # print error to STDERR\n    echo \"error: The sandbox is not in sync with the Podfile.lock. Run 'pod install' or update your CocoaPods installation.\" >&2\n    exit 1\nfi\n# This output is used by Xcode 'outputs' to avoid re-running this script phase.\necho \"SUCCESS\" > \"${SCRIPT_OUTPUT_FILE_0}\"\n";
			showEnvVarsInLog = 0;
		};
		7F6DBCB1CCD76BBB4D137F66 /* [CP] Check Pods Manifest.lock */ = {
			isa = PBXShellScriptBuildPhase;
			buildActionMask = 2147483647;
			files = (
			);
			inputFileListPaths = (
			);
			inputPaths = (
				"${PODS_PODFILE_DIR_PATH}/Podfile.lock",
				"${PODS_ROOT}/Manifest.lock",
			);
			name = "[CP] Check Pods Manifest.lock";
			outputFileListPaths = (
			);
			outputPaths = (
				"$(DERIVED_FILE_DIR)/Pods-Landmark RemarkTests-checkManifestLockResult.txt",
			);
			runOnlyForDeploymentPostprocessing = 0;
			shellPath = /bin/sh;
			shellScript = "diff \"${PODS_PODFILE_DIR_PATH}/Podfile.lock\" \"${PODS_ROOT}/Manifest.lock\" > /dev/null\nif [ $? != 0 ] ; then\n    # print error to STDERR\n    echo \"error: The sandbox is not in sync with the Podfile.lock. Run 'pod install' or update your CocoaPods installation.\" >&2\n    exit 1\nfi\n# This output is used by Xcode 'outputs' to avoid re-running this script phase.\necho \"SUCCESS\" > \"${SCRIPT_OUTPUT_FILE_0}\"\n";
			showEnvVarsInLog = 0;
		};
		A155A574F897FBCA6D7DDAD4 /* [CP] Embed Pods Frameworks */ = {
			isa = PBXShellScriptBuildPhase;
			buildActionMask = 2147483647;
			files = (
			);
			inputFileListPaths = (
				"${PODS_ROOT}/Target Support Files/Pods-Landmark Remark-Landmark RemarkUITests/Pods-Landmark Remark-Landmark RemarkUITests-frameworks-${CONFIGURATION}-input-files.xcfilelist",
			);
			name = "[CP] Embed Pods Frameworks";
			outputFileListPaths = (
				"${PODS_ROOT}/Target Support Files/Pods-Landmark Remark-Landmark RemarkUITests/Pods-Landmark Remark-Landmark RemarkUITests-frameworks-${CONFIGURATION}-output-files.xcfilelist",
			);
			runOnlyForDeploymentPostprocessing = 0;
			shellPath = /bin/sh;
			shellScript = "\"${PODS_ROOT}/Target Support Files/Pods-Landmark Remark-Landmark RemarkUITests/Pods-Landmark Remark-Landmark RemarkUITests-frameworks.sh\"\n";
			showEnvVarsInLog = 0;
		};
		B4BC6E63168385575DA97E5B /* [CP] Check Pods Manifest.lock */ = {
			isa = PBXShellScriptBuildPhase;
			buildActionMask = 2147483647;
			files = (
			);
			inputFileListPaths = (
			);
			inputPaths = (
				"${PODS_PODFILE_DIR_PATH}/Podfile.lock",
				"${PODS_ROOT}/Manifest.lock",
			);
			name = "[CP] Check Pods Manifest.lock";
			outputFileListPaths = (
			);
			outputPaths = (
				"$(DERIVED_FILE_DIR)/Pods-Landmark Remark-Landmark RemarkUITests-checkManifestLockResult.txt",
			);
			runOnlyForDeploymentPostprocessing = 0;
			shellPath = /bin/sh;
			shellScript = "diff \"${PODS_PODFILE_DIR_PATH}/Podfile.lock\" \"${PODS_ROOT}/Manifest.lock\" > /dev/null\nif [ $? != 0 ] ; then\n    # print error to STDERR\n    echo \"error: The sandbox is not in sync with the Podfile.lock. Run 'pod install' or update your CocoaPods installation.\" >&2\n    exit 1\nfi\n# This output is used by Xcode 'outputs' to avoid re-running this script phase.\necho \"SUCCESS\" > \"${SCRIPT_OUTPUT_FILE_0}\"\n";
			showEnvVarsInLog = 0;
		};
/* End PBXShellScriptBuildPhase section */

/* Begin PBXSourcesBuildPhase section */
		1CA25A9A268CAFF6006D1808 /* Sources */ = {
			isa = PBXSourcesBuildPhase;
			buildActionMask = 2147483647;
			files = (
				1CA25AA6268CAFF6006D1808 /* ViewController.swift in Sources */,
				1CA25AA2268CAFF6006D1808 /* AppDelegate.swift in Sources */,
				1CA25AA4268CAFF6006D1808 /* SceneDelegate.swift in Sources */,
			);
			runOnlyForDeploymentPostprocessing = 0;
		};
		1CA25AB0268CAFF8006D1808 /* Sources */ = {
			isa = PBXSourcesBuildPhase;
			buildActionMask = 2147483647;
			files = (
				1CA25AB9268CAFF8006D1808 /* Landmark_RemarkTests.swift in Sources */,
			);
			runOnlyForDeploymentPostprocessing = 0;
		};
		1CA25ABB268CAFF8006D1808 /* Sources */ = {
			isa = PBXSourcesBuildPhase;
			buildActionMask = 2147483647;
			files = (
				1CA25AC4268CAFF8006D1808 /* Landmark_RemarkUITests.swift in Sources */,
			);
			runOnlyForDeploymentPostprocessing = 0;
		};
/* End PBXSourcesBuildPhase section */

/* Begin PBXTargetDependency section */
		1CA25AB6268CAFF8006D1808 /* PBXTargetDependency */ = {
			isa = PBXTargetDependency;
			target = 1CA25A9D268CAFF6006D1808 /* Landmark Remark */;
			targetProxy = 1CA25AB5268CAFF8006D1808 /* PBXContainerItemProxy */;
		};
		1CA25AC1268CAFF8006D1808 /* PBXTargetDependency */ = {
			isa = PBXTargetDependency;
			target = 1CA25A9D268CAFF6006D1808 /* Landmark Remark */;
			targetProxy = 1CA25AC0268CAFF8006D1808 /* PBXContainerItemProxy */;
		};
/* End PBXTargetDependency section */

/* Begin PBXVariantGroup section */
		1CA25AA7268CAFF6006D1808 /* Main.storyboard */ = {
			isa = PBXVariantGroup;
			children = (
				1CA25AA8268CAFF6006D1808 /* Base */,
			);
			name = Main.storyboard;
			sourceTree = "<group>";
		};
		1CA25AAC268CAFF7006D1808 /* LaunchScreen.storyboard */ = {
			isa = PBXVariantGroup;
			children = (
				1CA25AAD268CAFF7006D1808 /* Base */,
			);
			name = LaunchScreen.storyboard;
			sourceTree = "<group>";
		};
/* End PBXVariantGroup section */

/* Begin XCBuildConfiguration section */
		1CA25AC6268CAFF8006D1808 /* Debug */ = {
			isa = XCBuildConfiguration;
			buildSettings = {
				ALWAYS_SEARCH_USER_PATHS = NO;
				CLANG_ANALYZER_NONNULL = YES;
				CLANG_ANALYZER_NUMBER_OBJECT_CONVERSION = YES_AGGRESSIVE;
				CLANG_CXX_LANGUAGE_STANDARD = "gnu++14";
				CLANG_CXX_LIBRARY = "libc++";
				CLANG_ENABLE_MODULES = YES;
				CLANG_ENABLE_OBJC_ARC = YES;
				CLANG_ENABLE_OBJC_WEAK = YES;
				CLANG_WARN_BLOCK_CAPTURE_AUTORELEASING = YES;
				CLANG_WARN_BOOL_CONVERSION = YES;
				CLANG_WARN_COMMA = YES;
				CLANG_WARN_CONSTANT_CONVERSION = YES;
				CLANG_WARN_DEPRECATED_OBJC_IMPLEMENTATIONS = YES;
				CLANG_WARN_DIRECT_OBJC_ISA_USAGE = YES_ERROR;
				CLANG_WARN_DOCUMENTATION_COMMENTS = YES;
				CLANG_WARN_EMPTY_BODY = YES;
				CLANG_WARN_ENUM_CONVERSION = YES;
				CLANG_WARN_INFINITE_RECURSION = YES;
				CLANG_WARN_INT_CONVERSION = YES;
				CLANG_WARN_NON_LITERAL_NULL_CONVERSION = YES;
				CLANG_WARN_OBJC_IMPLICIT_RETAIN_SELF = YES;
				CLANG_WARN_OBJC_LITERAL_CONVERSION = YES;
				CLANG_WARN_OBJC_ROOT_CLASS = YES_ERROR;
				CLANG_WARN_RANGE_LOOP_ANALYSIS = YES;
				CLANG_WARN_STRICT_PROTOTYPES = YES;
				CLANG_WARN_SUSPICIOUS_MOVE = YES;
				CLANG_WARN_UNGUARDED_AVAILABILITY = YES_AGGRESSIVE;
				CLANG_WARN_UNREACHABLE_CODE = YES;
				CLANG_WARN__DUPLICATE_METHOD_MATCH = YES;
				COPY_PHASE_STRIP = NO;
				DEBUG_INFORMATION_FORMAT = dwarf;
				ENABLE_STRICT_OBJC_MSGSEND = YES;
				ENABLE_TESTABILITY = YES;
				GCC_C_LANGUAGE_STANDARD = gnu11;
				GCC_DYNAMIC_NO_PIC = NO;
				GCC_NO_COMMON_BLOCKS = YES;
				GCC_OPTIMIZATION_LEVEL = 0;
				GCC_PREPROCESSOR_DEFINITIONS = (
					"DEBUG=1",
					"$(inherited)",
				);
				GCC_WARN_64_TO_32_BIT_CONVERSION = YES;
				GCC_WARN_ABOUT_RETURN_TYPE = YES_ERROR;
				GCC_WARN_UNDECLARED_SELECTOR = YES;
				GCC_WARN_UNINITIALIZED_AUTOS = YES_AGGRESSIVE;
				GCC_WARN_UNUSED_FUNCTION = YES;
				GCC_WARN_UNUSED_VARIABLE = YES;
				IPHONEOS_DEPLOYMENT_TARGET = 13.7;
				MTL_ENABLE_DEBUG_INFO = INCLUDE_SOURCE;
				MTL_FAST_MATH = YES;
				ONLY_ACTIVE_ARCH = YES;
				SDKROOT = iphoneos;
				SWIFT_ACTIVE_COMPILATION_CONDITIONS = DEBUG;
				SWIFT_OPTIMIZATION_LEVEL = "-Onone";
			};
			name = Debug;
		};
		1CA25AC7268CAFF8006D1808 /* Release */ = {
			isa = XCBuildConfiguration;
			buildSettings = {
				ALWAYS_SEARCH_USER_PATHS = NO;
				CLANG_ANALYZER_NONNULL = YES;
				CLANG_ANALYZER_NUMBER_OBJECT_CONVERSION = YES_AGGRESSIVE;
				CLANG_CXX_LANGUAGE_STANDARD = "gnu++14";
				CLANG_CXX_LIBRARY = "libc++";
				CLANG_ENABLE_MODULES = YES;
				CLANG_ENABLE_OBJC_ARC = YES;
				CLANG_ENABLE_OBJC_WEAK = YES;
				CLANG_WARN_BLOCK_CAPTURE_AUTORELEASING = YES;
				CLANG_WARN_BOOL_CONVERSION = YES;
				CLANG_WARN_COMMA = YES;
				CLANG_WARN_CONSTANT_CONVERSION = YES;
				CLANG_WARN_DEPRECATED_OBJC_IMPLEMENTATIONS = YES;
				CLANG_WARN_DIRECT_OBJC_ISA_USAGE = YES_ERROR;
				CLANG_WARN_DOCUMENTATION_COMMENTS = YES;
				CLANG_WARN_EMPTY_BODY = YES;
				CLANG_WARN_ENUM_CONVERSION = YES;
				CLANG_WARN_INFINITE_RECURSION = YES;
				CLANG_WARN_INT_CONVERSION = YES;
				CLANG_WARN_NON_LITERAL_NULL_CONVERSION = YES;
				CLANG_WARN_OBJC_IMPLICIT_RETAIN_SELF = YES;
				CLANG_WARN_OBJC_LITERAL_CONVERSION = YES;
				CLANG_WARN_OBJC_ROOT_CLASS = YES_ERROR;
				CLANG_WARN_RANGE_LOOP_ANALYSIS = YES;
				CLANG_WARN_STRICT_PROTOTYPES = YES;
				CLANG_WARN_SUSPICIOUS_MOVE = YES;
				CLANG_WARN_UNGUARDED_AVAILABILITY = YES_AGGRESSIVE;
				CLANG_WARN_UNREACHABLE_CODE = YES;
				CLANG_WARN__DUPLICATE_METHOD_MATCH = YES;
				COPY_PHASE_STRIP = NO;
				DEBUG_INFORMATION_FORMAT = "dwarf-with-dsym";
				ENABLE_NS_ASSERTIONS = NO;
				ENABLE_STRICT_OBJC_MSGSEND = YES;
				GCC_C_LANGUAGE_STANDARD = gnu11;
				GCC_NO_COMMON_BLOCKS = YES;
				GCC_WARN_64_TO_32_BIT_CONVERSION = YES;
				GCC_WARN_ABOUT_RETURN_TYPE = YES_ERROR;
				GCC_WARN_UNDECLARED_SELECTOR = YES;
				GCC_WARN_UNINITIALIZED_AUTOS = YES_AGGRESSIVE;
				GCC_WARN_UNUSED_FUNCTION = YES;
				GCC_WARN_UNUSED_VARIABLE = YES;
				IPHONEOS_DEPLOYMENT_TARGET = 13.7;
				MTL_ENABLE_DEBUG_INFO = NO;
				MTL_FAST_MATH = YES;
				SDKROOT = iphoneos;
				SWIFT_COMPILATION_MODE = wholemodule;
				SWIFT_OPTIMIZATION_LEVEL = "-O";
				VALIDATE_PRODUCT = YES;
			};
			name = Release;
		};
		1CA25AC9268CAFF8006D1808 /* Debug */ = {
			isa = XCBuildConfiguration;
			baseConfigurationReference = 349997EEC868149BA956186C /* Pods-Landmark Remark.debug.xcconfig */;
			buildSettings = {
				ASSETCATALOG_COMPILER_APPICON_NAME = AppIcon;
				CODE_SIGN_STYLE = Automatic;
				INFOPLIST_FILE = "Landmark Remark/Info.plist";
				LD_RUNPATH_SEARCH_PATHS = (
					"$(inherited)",
					"@executable_path/Frameworks",
				);
				PRODUCT_BUNDLE_IDENTIFIER = "com.qatarairways.Landmark-Remark";
				PRODUCT_NAME = "$(TARGET_NAME)";
				SWIFT_VERSION = 5.0;
				TARGETED_DEVICE_FAMILY = "1,2";
			};
			name = Debug;
		};
		1CA25ACA268CAFF8006D1808 /* Release */ = {
			isa = XCBuildConfiguration;
			baseConfigurationReference = 68FC106675B4FA3EEF41E209 /* Pods-Landmark Remark.release.xcconfig */;
			buildSettings = {
				ASSETCATALOG_COMPILER_APPICON_NAME = AppIcon;
				CODE_SIGN_STYLE = Automatic;
				INFOPLIST_FILE = "Landmark Remark/Info.plist";
				LD_RUNPATH_SEARCH_PATHS = (
					"$(inherited)",
					"@executable_path/Frameworks",
				);
				PRODUCT_BUNDLE_IDENTIFIER = "com.qatarairways.Landmark-Remark";
				PRODUCT_NAME = "$(TARGET_NAME)";
				SWIFT_VERSION = 5.0;
				TARGETED_DEVICE_FAMILY = "1,2";
			};
			name = Release;
		};
		1CA25ACC268CAFF8006D1808 /* Debug */ = {
			isa = XCBuildConfiguration;
			baseConfigurationReference = 007D0FD75419EED41B6DD91F /* Pods-Landmark RemarkTests.debug.xcconfig */;
			buildSettings = {
				ALWAYS_EMBED_SWIFT_STANDARD_LIBRARIES = YES;
				BUNDLE_LOADER = "$(TEST_HOST)";
				CODE_SIGN_STYLE = Automatic;
				INFOPLIST_FILE = "Landmark RemarkTests/Info.plist";
				IPHONEOS_DEPLOYMENT_TARGET = 13.7;
				LD_RUNPATH_SEARCH_PATHS = (
					"$(inherited)",
					"@executable_path/Frameworks",
					"@loader_path/Frameworks",
				);
				PRODUCT_BUNDLE_IDENTIFIER = "com.test.Landmark-RemarkTests";
				PRODUCT_NAME = "$(TARGET_NAME)";
				SWIFT_VERSION = 5.0;
				TARGETED_DEVICE_FAMILY = "1,2";
				TEST_HOST = "$(BUILT_PRODUCTS_DIR)/Landmark Remark.app/Landmark Remark";
			};
			name = Debug;
		};
		1CA25ACD268CAFF8006D1808 /* Release */ = {
			isa = XCBuildConfiguration;
			baseConfigurationReference = 447F34C647A39D997A6282DE /* Pods-Landmark RemarkTests.release.xcconfig */;
			buildSettings = {
				ALWAYS_EMBED_SWIFT_STANDARD_LIBRARIES = YES;
				BUNDLE_LOADER = "$(TEST_HOST)";
				CODE_SIGN_STYLE = Automatic;
				INFOPLIST_FILE = "Landmark RemarkTests/Info.plist";
				IPHONEOS_DEPLOYMENT_TARGET = 13.7;
				LD_RUNPATH_SEARCH_PATHS = (
					"$(inherited)",
					"@executable_path/Frameworks",
					"@loader_path/Frameworks",
				);
				PRODUCT_BUNDLE_IDENTIFIER = "com.test.Landmark-RemarkTests";
				PRODUCT_NAME = "$(TARGET_NAME)";
				SWIFT_VERSION = 5.0;
				TARGETED_DEVICE_FAMILY = "1,2";
				TEST_HOST = "$(BUILT_PRODUCTS_DIR)/Landmark Remark.app/Landmark Remark";
			};
			name = Release;
		};
		1CA25ACF268CAFF8006D1808 /* Debug */ = {
			isa = XCBuildConfiguration;
			baseConfigurationReference = 7863EB2668C8D4A9A554312E /* Pods-Landmark Remark-Landmark RemarkUITests.debug.xcconfig */;
			buildSettings = {
				ALWAYS_EMBED_SWIFT_STANDARD_LIBRARIES = YES;
				CODE_SIGN_STYLE = Automatic;
				INFOPLIST_FILE = "Landmark RemarkUITests/Info.plist";
				LD_RUNPATH_SEARCH_PATHS = (
					"$(inherited)",
					"@executable_path/Frameworks",
					"@loader_path/Frameworks",
				);
				PRODUCT_BUNDLE_IDENTIFIER = "com.test.Landmark-RemarkUITests";
				PRODUCT_NAME = "$(TARGET_NAME)";
				SWIFT_VERSION = 5.0;
				TARGETED_DEVICE_FAMILY = "1,2";
				TEST_TARGET_NAME = "Landmark Remark";
			};
			name = Debug;
		};
		1CA25AD0268CAFF8006D1808 /* Release */ = {
			isa = XCBuildConfiguration;
			baseConfigurationReference = D9DA466B73C240154A085EAC /* Pods-Landmark Remark-Landmark RemarkUITests.release.xcconfig */;
			buildSettings = {
				ALWAYS_EMBED_SWIFT_STANDARD_LIBRARIES = YES;
				CODE_SIGN_STYLE = Automatic;
				INFOPLIST_FILE = "Landmark RemarkUITests/Info.plist";
				LD_RUNPATH_SEARCH_PATHS = (
					"$(inherited)",
					"@executable_path/Frameworks",
					"@loader_path/Frameworks",
				);
				PRODUCT_BUNDLE_IDENTIFIER = "com.test.Landmark-RemarkUITests";
				PRODUCT_NAME = "$(TARGET_NAME)";
				SWIFT_VERSION = 5.0;
				TARGETED_DEVICE_FAMILY = "1,2";
				TEST_TARGET_NAME = "Landmark Remark";
			};
			name = Release;
		};
/* End XCBuildConfiguration section */

/* Begin XCConfigurationList section */
		1CA25A99268CAFF6006D1808 /* Build configuration list for PBXProject "Landmark Remark" */ = {
			isa = XCConfigurationList;
			buildConfigurations = (
				1CA25AC6268CAFF8006D1808 /* Debug */,
				1CA25AC7268CAFF8006D1808 /* Release */,
			);
			defaultConfigurationIsVisible = 0;
			defaultConfigurationName = Release;
		};
		1CA25AC8268CAFF8006D1808 /* Build configuration list for PBXNativeTarget "Landmark Remark" */ = {
			isa = XCConfigurationList;
			buildConfigurations = (
				1CA25AC9268CAFF8006D1808 /* Debug */,
				1CA25ACA268CAFF8006D1808 /* Release */,
			);
			defaultConfigurationIsVisible = 0;
			defaultConfigurationName = Release;
		};
		1CA25ACB268CAFF8006D1808 /* Build configuration list for PBXNativeTarget "Landmark RemarkTests" */ = {
			isa = XCConfigurationList;
			buildConfigurations = (
				1CA25ACC268CAFF8006D1808 /* Debug */,
				1CA25ACD268CAFF8006D1808 /* Release */,
			);
			defaultConfigurationIsVisible = 0;
			defaultConfigurationName = Release;
		};
		1CA25ACE268CAFF8006D1808 /* Build configuration list for PBXNativeTarget "Landmark RemarkUITests" */ = {
			isa = XCConfigurationList;
			buildConfigurations = (
				1CA25ACF268CAFF8006D1808 /* Debug */,
				1CA25AD0268CAFF8006D1808 /* Release */,
			);
			defaultConfigurationIsVisible = 0;
			defaultConfigurationName = Release;
		};
/* End XCConfigurationList section */
	};
	rootObject = 1CA25A96268CAFF6006D1808 /* Project object */;
}
